// !$*UTF8*$!
{
	archiveVersion = 1;
	classes = {
	};
	objectVersion = 50;
	objects = {

/* Begin PBXBuildFile section */
		5747EB6A236E52BB006AE72D /* GoogleService-Info.plist in Resources */ = {isa = PBXBuildFile; fileRef = 5747EB69236E52BB006AE72D /* GoogleService-Info.plist */; };
		5747EB6C237039C9006AE72D /* Const.swift in Sources */ = {isa = PBXBuildFile; fileRef = 5747EB6B237039C9006AE72D /* Const.swift */; };
		5747EB6E2370C275006AE72D /* PostData.swift in Sources */ = {isa = PBXBuildFile; fileRef = 5747EB6D2370C275006AE72D /* PostData.swift */; };
		5747EB712370C48A006AE72D /* PostTableViewCell.swift in Sources */ = {isa = PBXBuildFile; fileRef = 5747EB6F2370C48A006AE72D /* PostTableViewCell.swift */; };
		5747EB722370C48A006AE72D /* PostTableViewCell.xib in Resources */ = {isa = PBXBuildFile; fileRef = 5747EB702370C48A006AE72D /* PostTableViewCell.xib */; };
		5747EB742374C8DE006AE72D /* CommentViewController.swift in Sources */ = {isa = PBXBuildFile; fileRef = 5747EB732374C8DE006AE72D /* CommentViewController.swift */; };
		577E65A8236E277400E287B8 /* AppDelegate.swift in Sources */ = {isa = PBXBuildFile; fileRef = 577E65A7236E277400E287B8 /* AppDelegate.swift */; };
		577E65AA236E277400E287B8 /* ViewController.swift in Sources */ = {isa = PBXBuildFile; fileRef = 577E65A9236E277400E287B8 /* ViewController.swift */; };
		577E65AD236E277400E287B8 /* Main.storyboard in Resources */ = {isa = PBXBuildFile; fileRef = 577E65AB236E277400E287B8 /* Main.storyboard */; };
		577E65AF236E277800E287B8 /* Assets.xcassets in Resources */ = {isa = PBXBuildFile; fileRef = 577E65AE236E277800E287B8 /* Assets.xcassets */; };
		577E65B2236E277800E287B8 /* LaunchScreen.storyboard in Resources */ = {isa = PBXBuildFile; fileRef = 577E65B0236E277800E287B8 /* LaunchScreen.storyboard */; };
		577E65BA236E2A3800E287B8 /* LoginViewController.swift in Sources */ = {isa = PBXBuildFile; fileRef = 577E65B9236E2A3800E287B8 /* LoginViewController.swift */; };
		577E65BC236E2A5000E287B8 /* HomeViewController.swift in Sources */ = {isa = PBXBuildFile; fileRef = 577E65BB236E2A5000E287B8 /* HomeViewController.swift */; };
		577E65BE236E2A6700E287B8 /* ImageSelectViewController.swift in Sources */ = {isa = PBXBuildFile; fileRef = 577E65BD236E2A6700E287B8 /* ImageSelectViewController.swift */; };
		577E65C0236E2A8400E287B8 /* PostViewController.swift in Sources */ = {isa = PBXBuildFile; fileRef = 577E65BF236E2A8400E287B8 /* PostViewController.swift */; };
		577E65C2236E2A9700E287B8 /* SettingViewController.swift in Sources */ = {isa = PBXBuildFile; fileRef = 577E65C1236E2A9700E287B8 /* SettingViewController.swift */; };
		DB8974E592C2C49614D8DA85 /* Pods_Instagram.framework in Frameworks */ = {isa = PBXBuildFile; fileRef = 2941BF4C4D0796DD941CF17B /* Pods_Instagram.framework */; };
/* End PBXBuildFile section */

/* Begin PBXFileReference section */
		1B2446068210B6CC9606CBE9 /* Pods-Instagram.release.xcconfig */ = {isa = PBXFileReference; includeInIndex = 1; lastKnownFileType = text.xcconfig; name = "Pods-Instagram.release.xcconfig"; path = "Pods/Target Support Files/Pods-Instagram/Pods-Instagram.release.xcconfig"; sourceTree = "<group>"; };
		2941BF4C4D0796DD941CF17B /* Pods_Instagram.framework */ = {isa = PBXFileReference; explicitFileType = wrapper.framework; includeInIndex = 0; path = Pods_Instagram.framework; sourceTree = BUILT_PRODUCTS_DIR; };
		5747EB69236E52BB006AE72D /* GoogleService-Info.plist */ = {isa = PBXFileReference; fileEncoding = 4; lastKnownFileType = text.plist.xml; path = "GoogleService-Info.plist"; sourceTree = "<group>"; };
		5747EB6B237039C9006AE72D /* Const.swift */ = {isa = PBXFileReference; lastKnownFileType = sourcecode.swift; path = Const.swift; sourceTree = "<group>"; };
		5747EB6D2370C275006AE72D /* PostData.swift */ = {isa = PBXFileReference; lastKnownFileType = sourcecode.swift; path = PostData.swift; sourceTree = "<group>"; };
		5747EB6F2370C48A006AE72D /* PostTableViewCell.swift */ = {isa = PBXFileReference; lastKnownFileType = sourcecode.swift; path = PostTableViewCell.swift; sourceTree = "<group>"; };
		5747EB702370C48A006AE72D /* PostTableViewCell.xib */ = {isa = PBXFileReference; lastKnownFileType = file.xib; path = PostTableViewCell.xib; sourceTree = "<group>"; };
		5747EB732374C8DE006AE72D /* CommentViewController.swift */ = {isa = PBXFileReference; lastKnownFileType = sourcecode.swift; path = CommentViewController.swift; sourceTree = "<group>"; };
		577E65A4236E277400E287B8 /* Instagram.app */ = {isa = PBXFileReference; explicitFileType = wrapper.application; includeInIndex = 0; path = Instagram.app; sourceTree = BUILT_PRODUCTS_DIR; };
		577E65A7236E277400E287B8 /* AppDelegate.swift */ = {isa = PBXFileReference; lastKnownFileType = sourcecode.swift; path = AppDelegate.swift; sourceTree = "<group>"; };
		577E65A9236E277400E287B8 /* ViewController.swift */ = {isa = PBXFileReference; lastKnownFileType = sourcecode.swift; path = ViewController.swift; sourceTree = "<group>"; };
		577E65AC236E277400E287B8 /* Base */ = {isa = PBXFileReference; lastKnownFileType = file.storyboard; name = Base; path = Base.lproj/Main.storyboard; sourceTree = "<group>"; };
		577E65AE236E277800E287B8 /* Assets.xcassets */ = {isa = PBXFileReference; lastKnownFileType = folder.assetcatalog; path = Assets.xcassets; sourceTree = "<group>"; };
		577E65B1236E277800E287B8 /* Base */ = {isa = PBXFileReference; lastKnownFileType = file.storyboard; name = Base; path = Base.lproj/LaunchScreen.storyboard; sourceTree = "<group>"; };
		577E65B3236E277800E287B8 /* Info.plist */ = {isa = PBXFileReference; lastKnownFileType = text.plist.xml; path = Info.plist; sourceTree = "<group>"; };
		577E65B9236E2A3800E287B8 /* LoginViewController.swift */ = {isa = PBXFileReference; lastKnownFileType = sourcecode.swift; path = LoginViewController.swift; sourceTree = "<group>"; };
		577E65BB236E2A5000E287B8 /* HomeViewController.swift */ = {isa = PBXFileReference; lastKnownFileType = sourcecode.swift; path = HomeViewController.swift; sourceTree = "<group>"; };
		577E65BD236E2A6700E287B8 /* ImageSelectViewController.swift */ = {isa = PBXFileReference; lastKnownFileType = sourcecode.swift; path = ImageSelectViewController.swift; sourceTree = "<group>"; };
		577E65BF236E2A8400E287B8 /* PostViewController.swift */ = {isa = PBXFileReference; lastKnownFileType = sourcecode.swift; path = PostViewController.swift; sourceTree = "<group>"; };
		577E65C1236E2A9700E287B8 /* SettingViewController.swift */ = {isa = PBXFileReference; lastKnownFileType = sourcecode.swift; path = SettingViewController.swift; sourceTree = "<group>"; };
		B30E2707D3ED75AFD635B4A4 /* Pods-Instagram.debug.xcconfig */ = {isa = PBXFileReference; includeInIndex = 1; lastKnownFileType = text.xcconfig; name = "Pods-Instagram.debug.xcconfig"; path = "Pods/Target Support Files/Pods-Instagram/Pods-Instagram.debug.xcconfig"; sourceTree = "<group>"; };
/* End PBXFileReference section */

/* Begin PBXFrameworksBuildPhase section */
		577E65A1236E277400E287B8 /* Frameworks */ = {
			isa = PBXFrameworksBuildPhase;
			buildActionMask = 2147483647;
			files = (
				DB8974E592C2C49614D8DA85 /* Pods_Instagram.framework in Frameworks */,
			);
			runOnlyForDeploymentPostprocessing = 0;
		};
/* End PBXFrameworksBuildPhase section */

/* Begin PBXGroup section */
		004F0B215B25C8FB96E6BDC0 /* Pods */ = {
			isa = PBXGroup;
			children = (
				B30E2707D3ED75AFD635B4A4 /* Pods-Instagram.debug.xcconfig */,
				1B2446068210B6CC9606CBE9 /* Pods-Instagram.release.xcconfig */,
			);
			name = Pods;
			sourceTree = "<group>";
		};
		577E659B236E277400E287B8 = {
			isa = PBXGroup;
			children = (
				577E65A6236E277400E287B8 /* Instagram */,
				577E65A5236E277400E287B8 /* Products */,
				004F0B215B25C8FB96E6BDC0 /* Pods */,
				B18F8FB1F90E118253236859 /* Frameworks */,
			);
			sourceTree = "<group>";
		};
		577E65A5236E277400E287B8 /* Products */ = {
			isa = PBXGroup;
			children = (
				577E65A4236E277400E287B8 /* Instagram.app */,
			);
			name = Products;
			sourceTree = "<group>";
		};
		577E65A6236E277400E287B8 /* Instagram */ = {
			isa = PBXGroup;
			children = (
				577E65A7236E277400E287B8 /* AppDelegate.swift */,
				577E65B9236E2A3800E287B8 /* LoginViewController.swift */,
				577E65BB236E2A5000E287B8 /* HomeViewController.swift */,
				577E65BD236E2A6700E287B8 /* ImageSelectViewController.swift */,
				577E65BF236E2A8400E287B8 /* PostViewController.swift */,
				577E65C1236E2A9700E287B8 /* SettingViewController.swift */,
				577E65A9236E277400E287B8 /* ViewController.swift */,
				5747EB732374C8DE006AE72D /* CommentViewController.swift */,
				5747EB6B237039C9006AE72D /* Const.swift */,
				5747EB6D2370C275006AE72D /* PostData.swift */,
				5747EB702370C48A006AE72D /* PostTableViewCell.xib */,
				5747EB6F2370C48A006AE72D /* PostTableViewCell.swift */,
				577E65AB236E277400E287B8 /* Main.storyboard */,
				577E65AE236E277800E287B8 /* Assets.xcassets */,
				5747EB69236E52BB006AE72D /* GoogleService-Info.plist */,
				577E65B0236E277800E287B8 /* LaunchScreen.storyboard */,
				577E65B3236E277800E287B8 /* Info.plist */,
			);
			path = Instagram;
			sourceTree = "<group>";
		};
		B18F8FB1F90E118253236859 /* Frameworks */ = {
			isa = PBXGroup;
			children = (
				2941BF4C4D0796DD941CF17B /* Pods_Instagram.framework */,
			);
			name = Frameworks;
			sourceTree = "<group>";
		};
/* End PBXGroup section */

/* Begin PBXNativeTarget section */
		577E65A3236E277400E287B8 /* Instagram */ = {
			isa = PBXNativeTarget;
			buildConfigurationList = 577E65B6236E277800E287B8 /* Build configuration list for PBXNativeTarget "Instagram" */;
			buildPhases = (
				7DC0D226BA5AB0A46A03F515 /* [CP] Check Pods Manifest.lock */,
				577E65A0236E277400E287B8 /* Sources */,
				577E65A1236E277400E287B8 /* Frameworks */,
				577E65A2236E277400E287B8 /* Resources */,
				0E6D9677CA250782278A2C04 /* [CP] Embed Pods Frameworks */,
			);
			buildRules = (
			);
			dependencies = (
			);
			name = Instagram;
			productName = Instagram;
			productReference = 577E65A4236E277400E287B8 /* Instagram.app */;
			productType = "com.apple.product-type.application";
		};
/* End PBXNativeTarget section */

/* Begin PBXProject section */
		577E659C236E277400E287B8 /* Project object */ = {
			isa = PBXProject;
			attributes = {
				LastSwiftUpdateCheck = 1020;
				LastUpgradeCheck = 1020;
				ORGANIZATIONNAME = ToshiyaYoneda;
				TargetAttributes = {
					577E65A3236E277400E287B8 = {
						CreatedOnToolsVersion = 10.2.1;
					};
				};
			};
			buildConfigurationList = 577E659F236E277400E287B8 /* Build configuration list for PBXProject "Instagram" */;
			compatibilityVersion = "Xcode 9.3";
			developmentRegion = en;
			hasScannedForEncodings = 0;
			knownRegions = (
				en,
				Base,
			);
			mainGroup = 577E659B236E277400E287B8;
			productRefGroup = 577E65A5236E277400E287B8 /* Products */;
			projectDirPath = "";
			projectRoot = "";
			targets = (
				577E65A3236E277400E287B8 /* Instagram */,
			);
		};
/* End PBXProject section */

/* Begin PBXResourcesBuildPhase section */
		577E65A2236E277400E287B8 /* Resources */ = {
			isa = PBXResourcesBuildPhase;
			buildActionMask = 2147483647;
			files = (
				577E65B2236E277800E287B8 /* LaunchScreen.storyboard in Resources */,
				5747EB722370C48A006AE72D /* PostTableViewCell.xib in Resources */,
				577E65AF236E277800E287B8 /* Assets.xcassets in Resources */,
				577E65AD236E277400E287B8 /* Main.storyboard in Resources */,
				5747EB6A236E52BB006AE72D /* GoogleService-Info.plist in Resources */,
			);
			runOnlyForDeploymentPostprocessing = 0;
		};
/* End PBXResourcesBuildPhase section */

/* Begin PBXShellScriptBuildPhase section */
		0E6D9677CA250782278A2C04 /* [CP] Embed Pods Frameworks */ = {
			isa = PBXShellScriptBuildPhase;
			buildActionMask = 2147483647;
			files = (
			);
			inputPaths = (
				"${SRCROOT}/Pods/Target Support Files/Pods-Instagram/Pods-Instagram-frameworks.sh",
				"${BUILT_PRODUCTS_DIR}/CLImageEditor/CLImageEditor.framework",
				"${BUILT_PRODUCTS_DIR}/ESTabBarController/ESTabBarController.framework",
				"${BUILT_PRODUCTS_DIR}/GTMSessionFetcher/GTMSessionFetcher.framework",
				"${BUILT_PRODUCTS_DIR}/GoogleUtilities/GoogleUtilities.framework",
				"${BUILT_PRODUCTS_DIR}/SVProgressHUD/SVProgressHUD.framework",
				"${BUILT_PRODUCTS_DIR}/leveldb-library/leveldb.framework",
				"${BUILT_PRODUCTS_DIR}/nanopb/nanopb.framework",
			);
			name = "[CP] Embed Pods Frameworks";
			outputPaths = (
				"${TARGET_BUILD_DIR}/${FRAMEWORKS_FOLDER_PATH}/CLImageEditor.framework",
				"${TARGET_BUILD_DIR}/${FRAMEWORKS_FOLDER_PATH}/ESTabBarController.framework",
				"${TARGET_BUILD_DIR}/${FRAMEWORKS_FOLDER_PATH}/GTMSessionFetcher.framework",
				"${TARGET_BUILD_DIR}/${FRAMEWORKS_FOLDER_PATH}/GoogleUtilities.framework",
				"${TARGET_BUILD_DIR}/${FRAMEWORKS_FOLDER_PATH}/SVProgressHUD.framework",
				"${TARGET_BUILD_DIR}/${FRAMEWORKS_FOLDER_PATH}/leveldb.framework",
				"${TARGET_BUILD_DIR}/${FRAMEWORKS_FOLDER_PATH}/nanopb.framework",
			);
			runOnlyForDeploymentPostprocessing = 0;
			shellPath = /bin/sh;
			shellScript = "\"${SRCROOT}/Pods/Target Support Files/Pods-Instagram/Pods-Instagram-frameworks.sh\"\n";
			showEnvVarsInLog = 0;
		};
		7DC0D226BA5AB0A46A03F515 /* [CP] Check Pods Manifest.lock */ = {
			isa = PBXShellScriptBuildPhase;
			buildActionMask = 2147483647;
			files = (
			);
			inputPaths = (
				"${PODS_PODFILE_DIR_PATH}/Podfile.lock",
				"${PODS_ROOT}/Manifest.lock",
			);
			name = "[CP] Check Pods Manifest.lock";
			outputPaths = (
				"$(DERIVED_FILE_DIR)/Pods-Instagram-checkManifestLockResult.txt",
			);
			runOnlyForDeploymentPostprocessing = 0;
			shellPath = /bin/sh;
			shellScript = "diff \"${PODS_PODFILE_DIR_PATH}/Podfile.lock\" \"${PODS_ROOT}/Manifest.lock\" > /dev/null\nif [ $? != 0 ] ; then\n    # print error to STDERR\n    echo \"error: The sandbox is not in sync with the Podfile.lock. Run 'pod install' or update your CocoaPods installation.\" >&2\n    exit 1\nfi\n# This output is used by Xcode 'outputs' to avoid re-running this script phase.\necho \"SUCCESS\" > \"${SCRIPT_OUTPUT_FILE_0}\"\n";
			showEnvVarsInLog = 0;
		};
/* End PBXShellScriptBuildPhase section */

/* Begin PBXSourcesBuildPhase section */
		577E65A0236E277400E287B8 /* Sources */ = {
			isa = PBXSourcesBuildPhase;
			buildActionMask = 2147483647;
			files = (
				577E65C0236E2A8400E287B8 /* PostViewController.swift in Sources */,
				5747EB6E2370C275006AE72D /* PostData.swift in Sources */,
				577E65BA236E2A3800E287B8 /* LoginViewController.swift in Sources */,
				577E65AA236E277400E287B8 /* ViewController.swift in Sources */,
				577E65A8236E277400E287B8 /* AppDelegate.swift in Sources */,
				577E65BE236E2A6700E287B8 /* ImageSelectViewController.swift in Sources */,
				5747EB6C237039C9006AE72D /* Const.swift in Sources */,
				5747EB712370C48A006AE72D /* PostTableViewCell.swift in Sources */,
				577E65C2236E2A9700E287B8 /* SettingViewController.swift in Sources */,
				577E65BC236E2A5000E287B8 /* HomeViewController.swift in Sources */,
				5747EB742374C8DE006AE72D /* CommentViewController.swift in Sources */,
			);
			runOnlyForDeploymentPostprocessing = 0;
		};
/* End PBXSourcesBuildPhase section */

/* Begin PBXVariantGroup section */
		577E65AB236E277400E287B8 /* Main.storyboard */ = {
			isa = PBXVariantGroup;
			children = (
				577E65AC236E277400E287B8 /* Base */,
			);
			name = Main.storyboard;
			sourceTree = "<group>";
		};
		577E65B0236E277800E287B8 /* LaunchScreen.storyboard */ = {
			isa = PBXVariantGroup;
			children = (
				577E65B1236E277800E287B8 /* Base */,
			);
			name = LaunchScreen.storyboard;
			sourceTree = "<group>";
		};
/* End PBXVariantGroup section */

/* Begin XCBuildConfiguration section */
		577E65B4236E277800E287B8 /* Debug */ = {
			isa = XCBuildConfiguration;
			buildSettings = {
				ALWAYS_SEARCH_USER_PATHS = NO;
				CLANG_ANALYZER_NONNULL = YES;
				CLANG_ANALYZER_NUMBER_OBJECT_CONVERSION = YES_AGGRESSIVE;
				CLANG_CXX_LANGUAGE_STANDARD = "gnu++14";
				CLANG_CXX_LIBRARY = "libc++";
				CLANG_ENABLE_MODULES = YES;
				CLANG_ENABLE_OBJC_ARC = YES;
				CLANG_ENABLE_OBJC_WEAK = YES;
				CLANG_WARN_BLOCK_CAPTURE_AUTORELEASING = YES;
				CLANG_WARN_BOOL_CONVERSION = YES;
				CLANG_WARN_COMMA = YES;
				CLANG_WARN_CONSTANT_CONVERSION = YES;
				CLANG_WARN_DEPRECATED_OBJC_IMPLEMENTATIONS = YES;
				CLANG_WARN_DIRECT_OBJC_ISA_USAGE = YES_ERROR;
				CLANG_WARN_DOCUMENTATION_COMMENTS = YES;
				CLANG_WARN_EMPTY_BODY = YES;
				CLANG_WARN_ENUM_CONVERSION = YES;
				CLANG_WARN_INFINITE_RECURSION = YES;
				CLANG_WARN_INT_CONVERSION = YES;
				CLANG_WARN_NON_LITERAL_NULL_CONVERSION = YES;
				CLANG_WARN_OBJC_IMPLICIT_RETAIN_SELF = YES;
				CLANG_WARN_OBJC_LITERAL_CONVERSION = YES;
				CLANG_WARN_OBJC_ROOT_CLASS = YES_ERROR;
				CLANG_WARN_RANGE_LOOP_ANALYSIS = YES;
				CLANG_WARN_STRICT_PROTOTYPES = YES;
				CLANG_WARN_SUSPICIOUS_MOVE = YES;
				CLANG_WARN_UNGUARDED_AVAILABILITY = YES_AGGRESSIVE;
				CLANG_WARN_UNREACHABLE_CODE = YES;
				CLANG_WARN__DUPLICATE_METHOD_MATCH = YES;
				CODE_SIGN_IDENTITY = "iPhone Developer";
				COPY_PHASE_STRIP = NO;
				DEBUG_INFORMATION_FORMAT = dwarf;
				ENABLE_STRICT_OBJC_MSGSEND = YES;
				ENABLE_TESTABILITY = YES;
				GCC_C_LANGUAGE_STANDARD = gnu11;
				GCC_DYNAMIC_NO_PIC = NO;
				GCC_NO_COMMON_BLOCKS = YES;
				GCC_OPTIMIZATION_LEVEL = 0;
				GCC_PREPROCESSOR_DEFINITIONS = (
					"DEBUG=1",
					"$(inherited)",
				);
				GCC_WARN_64_TO_32_BIT_CONVERSION = YES;
				GCC_WARN_ABOUT_RETURN_TYPE = YES_ERROR;
				GCC_WARN_UNDECLARED_SELECTOR = YES;
				GCC_WARN_UNINITIALIZED_AUTOS = YES_AGGRESSIVE;
				GCC_WARN_UNUSED_FUNCTION = YES;
				GCC_WARN_UNUSED_VARIABLE = YES;
				IPHONEOS_DEPLOYMENT_TARGET = 12.2;
				MTL_ENABLE_DEBUG_INFO = INCLUDE_SOURCE;
				MTL_FAST_MATH = YES;
				ONLY_ACTIVE_ARCH = YES;
				SDKROOT = iphoneos;
				SWIFT_ACTIVE_COMPILATION_CONDITIONS = DEBUG;
				SWIFT_OPTIMIZATION_LEVEL = "-Onone";
			};
			name = Debug;
		};
		577E65B5236E277800E287B8 /* Release */ = {
			isa = XCBuildConfiguration;
			buildSettings = {
				ALWAYS_SEARCH_USER_PATHS = NO;
				CLANG_ANALYZER_NONNULL = YES;
				CLANG_ANALYZER_NUMBER_OBJECT_CONVERSION = YES_AGGRESSIVE;
				CLANG_CXX_LANGUAGE_STANDARD = "gnu++14";
				CLANG_CXX_LIBRARY = "libc++";
				CLANG_ENABLE_MODULES = YES;
				CLANG_ENABLE_OBJC_ARC = YES;
				CLANG_ENABLE_OBJC_WEAK = YES;
				CLANG_WARN_BLOCK_CAPTURE_AUTORELEASING = YES;
				CLANG_WARN_BOOL_CONVERSION = YES;
				CLANG_WARN_COMMA = YES;
				CLANG_WARN_CONSTANT_CONVERSION = YES;
				CLANG_WARN_DEPRECATED_OBJC_IMPLEMENTATIONS = YES;
				CLANG_WARN_DIRECT_OBJC_ISA_USAGE = YES_ERROR;
				CLANG_WARN_DOCUMENTATION_COMMENTS = YES;
				CLANG_WARN_EMPTY_BODY = YES;
				CLANG_WARN_ENUM_CONVERSION = YES;
				CLANG_WARN_INFINITE_RECURSION = YES;
				CLANG_WARN_INT_CONVERSION = YES;
				CLANG_WARN_NON_LITERAL_NULL_CONVERSION = YES;
				CLANG_WARN_OBJC_IMPLICIT_RETAIN_SELF = YES;
				CLANG_WARN_OBJC_LITERAL_CONVERSION = YES;
				CLANG_WARN_OBJC_ROOT_CLASS = YES_ERROR;
				CLANG_WARN_RANGE_LOOP_ANALYSIS = YES;
				CLANG_WARN_STRICT_PROTOTYPES = YES;
				CLANG_WARN_SUSPICIOUS_MOVE = YES;
				CLANG_WARN_UNGUARDED_AVAILABILITY = YES_AGGRESSIVE;
				CLANG_WARN_UNREACHABLE_CODE = YES;
				CLANG_WARN__DUPLICATE_METHOD_MATCH = YES;
				CODE_SIGN_IDENTITY = "iPhone Developer";
				COPY_PHASE_STRIP = NO;
				DEBUG_INFORMATION_FORMAT = "dwarf-with-dsym";
				ENABLE_NS_ASSERTIONS = NO;
				ENABLE_STRICT_OBJC_MSGSEND = YES;
				GCC_C_LANGUAGE_STANDARD = gnu11;
				GCC_NO_COMMON_BLOCKS = YES;
				GCC_WARN_64_TO_32_BIT_CONVERSION = YES;
				GCC_WARN_ABOUT_RETURN_TYPE = YES_ERROR;
				GCC_WARN_UNDECLARED_SELECTOR = YES;
				GCC_WARN_UNINITIALIZED_AUTOS = YES_AGGRESSIVE;
				GCC_WARN_UNUSED_FUNCTION = YES;
				GCC_WARN_UNUSED_VARIABLE = YES;
				IPHONEOS_DEPLOYMENT_TARGET = 12.2;
				MTL_ENABLE_DEBUG_INFO = NO;
				MTL_FAST_MATH = YES;
				SDKROOT = iphoneos;
				SWIFT_COMPILATION_MODE = wholemodule;
				SWIFT_OPTIMIZATION_LEVEL = "-O";
				VALIDATE_PRODUCT = YES;
			};
			name = Release;
		};
		577E65B7236E277800E287B8 /* Debug */ = {
			isa = XCBuildConfiguration;
			baseConfigurationReference = B30E2707D3ED75AFD635B4A4 /* Pods-Instagram.debug.xcconfig */;
			buildSettings = {
				ASSETCATALOG_COMPILER_APPICON_NAME = AppIcon;
				CODE_SIGN_STYLE = Automatic;
				DEVELOPMENT_TEAM = GG87642KVY;
				INFOPLIST_FILE = Instagram/Info.plist;
				LD_RUNPATH_SEARCH_PATHS = (
					"$(inherited)",
					"@executable_path/Frameworks",
				);
				PRODUCT_BUNDLE_IDENTIFIER = jp.techacademy.toshiya.yoneda.Instagram;
				PRODUCT_NAME = "$(TARGET_NAME)";
				SWIFT_VERSION = 5.0;
				TARGETED_DEVICE_FAMILY = 1;
			};
			name = Debug;
		};
		577E65B8236E277800E287B8 /* Release */ = {
			isa = XCBuildConfiguration;
			baseConfigurationReference = 1B2446068210B6CC9606CBE9 /* Pods-Instagram.release.xcconfig */;
			buildSettings = {
				ASSETCATALOG_COMPILER_APPICON_NAME = AppIcon;
				CODE_SIGN_STYLE = Automatic;
				DEVELOPMENT_TEAM = GG87642KVY;
				INFOPLIST_FILE = Instagram/Info.plist;
				LD_RUNPATH_SEARCH_PATHS = (
					"$(inherited)",
					"@executable_path/Frameworks",
				);
				PRODUCT_BUNDLE_IDENTIFIER = jp.techacademy.toshiya.yoneda.Instagram;
				PRODUCT_NAME = "$(TARGET_NAME)";
				SWIFT_VERSION = 5.0;
				TARGETED_DEVICE_FAMILY = 1;
			};
			name = Release;
		};
/* End XCBuildConfiguration section */

/* Begin XCConfigurationList section */
		577E659F236E277400E287B8 /* Build configuration list for PBXProject "Instagram" */ = {
			isa = XCConfigurationList;
			buildConfigurations = (
				577E65B4236E277800E287B8 /* Debug */,
				577E65B5236E277800E287B8 /* Release */,
			);
			defaultConfigurationIsVisible = 0;
			defaultConfigurationName = Release;
		};
		577E65B6236E277800E287B8 /* Build configuration list for PBXNativeTarget "Instagram" */ = {
			isa = XCConfigurationList;
			buildConfigurations = (
				577E65B7236E277800E287B8 /* Debug */,
				577E65B8236E277800E287B8 /* Release */,
			);
			defaultConfigurationIsVisible = 0;
			defaultConfigurationName = Release;
		};
/* End XCConfigurationList section */
	};
	rootObject = 577E659C236E277400E287B8 /* Project object */;
}
